
Microsoft Visual Studio Solution File, Format Version 12.00
# Visual Studio 2012
Project("{2150E333-8FDC-42A3-9474-1A3956D46DE8}") = "_Content", "_Content", "{3EB006CC-59FE-49EF-99CD-02B19447BB5A}"
EndProject
Project("{2150E333-8FDC-42A3-9474-1A3956D46DE8}") = "Observer", "Observer", "{19E92ACD-9664-4954-95A2-856FE7855267}"
EndProject
Project("{FAE04EC0-301F-11D3-BF4B-00C04F79EFBC}") = "Observer", "Observer\Observer\Observer.csproj", "{5A5205BD-6481-49C2-A422-F50F1859DB05}"
EndProject
Global
	GlobalSection(SolutionConfigurationPlatforms) = preSolution
		Debug|Any CPU = Debug|Any CPU
		Release|Any CPU = Release|Any CPU
	EndGlobalSection
	GlobalSection(ProjectConfigurationPlatforms) = postSolution
		{5A5205BD-6481-49C2-A422-F50F1859DB05}.Debug|Any CPU.ActiveCfg = Debug|Any CPU
		{5A5205BD-6481-49C2-A422-F50F1859DB05}.Debug|Any CPU.Build.0 = Debug|Any CPU
		{5A5205BD-6481-49C2-A422-F50F1859DB05}.Release|Any CPU.ActiveCfg = Release|Any CPU
		{5A5205BD-6481-49C2-A422-F50F1859DB05}.Release|Any CPU.Build.0 = Release|Any CPU
	EndGlobalSection
	GlobalSection(SolutionProperties) = preSolution
		HideSolutionNode = FALSE
	EndGlobalSection
	GlobalSection(NestedProjects) = preSolution
		{5A5205BD-6481-49C2-A422-F50F1859DB05} = {19E92ACD-9664-4954-95A2-856FE7855267}
	EndGlobalSection
EndGlobal
