
Microsoft Visual Studio Solution File, Format Version 12.00
# Visual Studio 2012
Project("{2150E333-8FDC-42A3-9474-1A3956D46DE8}") = "_Content", "_Content", "{3EB006CC-59FE-49EF-99CD-02B19447BB5A}"
EndProject
Project("{FAE04EC0-301F-11D3-BF4B-00C04F79EFBC}") = "Observer", "Behavioral\Observer\Observer\Observer.csproj", "{5A5205BD-6481-49C2-A422-F50F1859DB05}"
EndProject
Project("{FAE04EC0-301F-11D3-BF4B-00C04F79EFBC}") = "Proxy", "Structural\Proxy\Proxy\Proxy.csproj", "{7185D033-FE2A-4E2A-8854-1A40CF104524}"
	ProjectSection(ProjectDependencies) = postProject
		{72BFFD7A-AFF3-4AF2-A2A9-6EDA0A1DEDCE} = {72BFFD7A-AFF3-4AF2-A2A9-6EDA0A1DEDCE}
	EndProjectSection
EndProject
Project("{2150E333-8FDC-42A3-9474-1A3956D46DE8}") = "Behavioral", "Behavioral", "{436EA97C-A01D-426A-8CAC-1449DD97AAFF}"
EndProject
Project("{2150E333-8FDC-42A3-9474-1A3956D46DE8}") = "Structural", "Structural", "{818DACE7-5E5D-4209-88C5-E59431A531D8}"
EndProject
Project("{2150E333-8FDC-42A3-9474-1A3956D46DE8}") = "Creational", "Creational", "{776FD75D-3DD9-4297-87CF-789B6F4583D0}"
EndProject
Project("{2150E333-8FDC-42A3-9474-1A3956D46DE8}") = "Observer", "Observer", "{25AF5D68-7544-46AB-8F24-D620DFC6F100}"
EndProject
Project("{2150E333-8FDC-42A3-9474-1A3956D46DE8}") = "Proxy", "Proxy", "{AECCD261-BE44-4BE7-A154-7DAE489904C1}"
EndProject
Project("{FAE04EC0-301F-11D3-BF4B-00C04F79EFBC}") = "Service", "Structural\Proxy\Service\Service.csproj", "{72BFFD7A-AFF3-4AF2-A2A9-6EDA0A1DEDCE}"
EndProject
Global
	GlobalSection(SolutionConfigurationPlatforms) = preSolution
		Debug|Any CPU = Debug|Any CPU
		Release|Any CPU = Release|Any CPU
	EndGlobalSection
	GlobalSection(ProjectConfigurationPlatforms) = postSolution
		{5A5205BD-6481-49C2-A422-F50F1859DB05}.Debug|Any CPU.ActiveCfg = Debug|Any CPU
		{5A5205BD-6481-49C2-A422-F50F1859DB05}.Debug|Any CPU.Build.0 = Debug|Any CPU
		{5A5205BD-6481-49C2-A422-F50F1859DB05}.Release|Any CPU.ActiveCfg = Release|Any CPU
		{5A5205BD-6481-49C2-A422-F50F1859DB05}.Release|Any CPU.Build.0 = Release|Any CPU
		{7185D033-FE2A-4E2A-8854-1A40CF104524}.Debug|Any CPU.ActiveCfg = Debug|Any CPU
		{7185D033-FE2A-4E2A-8854-1A40CF104524}.Debug|Any CPU.Build.0 = Debug|Any CPU
		{7185D033-FE2A-4E2A-8854-1A40CF104524}.Release|Any CPU.ActiveCfg = Release|Any CPU
		{7185D033-FE2A-4E2A-8854-1A40CF104524}.Release|Any CPU.Build.0 = Release|Any CPU
		{72BFFD7A-AFF3-4AF2-A2A9-6EDA0A1DEDCE}.Debug|Any CPU.ActiveCfg = Debug|Any CPU
		{72BFFD7A-AFF3-4AF2-A2A9-6EDA0A1DEDCE}.Debug|Any CPU.Build.0 = Debug|Any CPU
		{72BFFD7A-AFF3-4AF2-A2A9-6EDA0A1DEDCE}.Release|Any CPU.ActiveCfg = Release|Any CPU
		{72BFFD7A-AFF3-4AF2-A2A9-6EDA0A1DEDCE}.Release|Any CPU.Build.0 = Release|Any CPU
	EndGlobalSection
	GlobalSection(SolutionProperties) = preSolution
		HideSolutionNode = FALSE
	EndGlobalSection
	GlobalSection(NestedProjects) = preSolution
		{25AF5D68-7544-46AB-8F24-D620DFC6F100} = {436EA97C-A01D-426A-8CAC-1449DD97AAFF}
		{AECCD261-BE44-4BE7-A154-7DAE489904C1} = {818DACE7-5E5D-4209-88C5-E59431A531D8}
		{5A5205BD-6481-49C2-A422-F50F1859DB05} = {25AF5D68-7544-46AB-8F24-D620DFC6F100}
		{7185D033-FE2A-4E2A-8854-1A40CF104524} = {AECCD261-BE44-4BE7-A154-7DAE489904C1}
		{72BFFD7A-AFF3-4AF2-A2A9-6EDA0A1DEDCE} = {AECCD261-BE44-4BE7-A154-7DAE489904C1}
	EndGlobalSection
EndGlobal
